
Microsoft Visual Studio Solution File, Format Version 12.00
# Visual Studio Version 16
VisualStudioVersion = 16.0.30717.126
MinimumVisualStudioVersion = 10.0.40219.1
Project("{FAE04EC0-301F-11D3-BF4B-00C04F79EFBC}") = "HomeWork 3-3", "HomeWork 3-3\HomeWork 3-3.csproj", "{7CA25EEC-043D-479A-A862-8159E8C6B6FE}"
EndProject
Global
	GlobalSection(SolutionConfigurationPlatforms) = preSolution
		Debug|Any CPU = Debug|Any CPU
		Release|Any CPU = Release|Any CPU
	EndGlobalSection
	GlobalSection(ProjectConfigurationPlatforms) = postSolution
		{7CA25EEC-043D-479A-A862-8159E8C6B6FE}.Debug|Any CPU.ActiveCfg = Debug|Any CPU
		{7CA25EEC-043D-479A-A862-8159E8C6B6FE}.Debug|Any CPU.Build.0 = Debug|Any CPU
		{7CA25EEC-043D-479A-A862-8159E8C6B6FE}.Release|Any CPU.ActiveCfg = Release|Any CPU
		{7CA25EEC-043D-479A-A862-8159E8C6B6FE}.Release|Any CPU.Build.0 = Release|Any CPU
	EndGlobalSection
	GlobalSection(SolutionProperties) = preSolution
		HideSolutionNode = FALSE
	EndGlobalSection
	GlobalSection(ExtensibilityGlobals) = postSolution
		SolutionGuid = {1E02AA23-C1BC-4D94-804F-E3543C8EF225}
	EndGlobalSection
EndGlobal
