
Microsoft Visual Studio Solution File, Format Version 12.00
# Visual Studio Version 16
VisualStudioVersion = 16.0.30717.126
MinimumVisualStudioVersion = 10.0.40219.1
Project("{FAE04EC0-301F-11D3-BF4B-00C04F79EFBC}") = "Algorithms 1-2", "Algorithms 1-1\Algorithms 1-2.csproj", "{15185B12-755B-43CC-92DB-E0CF14792D4C}"
EndProject
Project("{FAE04EC0-301F-11D3-BF4B-00C04F79EFBC}") = "Algorithms 1-1", "Algorithms 1-3\Algorithms 1-1.csproj", "{B0BB140A-123D-4BEC-8B59-197BBCD34075}"
EndProject
Project("{FAE04EC0-301F-11D3-BF4B-00C04F79EFBC}") = "Algorithms 1-3", "Algorithms 1-4\Algorithms 1-3.csproj", "{D7FA6719-A48D-429D-8006-E54FC5D10B28}"
EndProject
Global
	GlobalSection(SolutionConfigurationPlatforms) = preSolution
		Debug|Any CPU = Debug|Any CPU
		Release|Any CPU = Release|Any CPU
	EndGlobalSection
	GlobalSection(ProjectConfigurationPlatforms) = postSolution
		{15185B12-755B-43CC-92DB-E0CF14792D4C}.Debug|Any CPU.ActiveCfg = Debug|Any CPU
		{15185B12-755B-43CC-92DB-E0CF14792D4C}.Debug|Any CPU.Build.0 = Debug|Any CPU
		{15185B12-755B-43CC-92DB-E0CF14792D4C}.Release|Any CPU.ActiveCfg = Release|Any CPU
		{15185B12-755B-43CC-92DB-E0CF14792D4C}.Release|Any CPU.Build.0 = Release|Any CPU
		{B0BB140A-123D-4BEC-8B59-197BBCD34075}.Debug|Any CPU.ActiveCfg = Debug|Any CPU
		{B0BB140A-123D-4BEC-8B59-197BBCD34075}.Debug|Any CPU.Build.0 = Debug|Any CPU
		{B0BB140A-123D-4BEC-8B59-197BBCD34075}.Release|Any CPU.ActiveCfg = Release|Any CPU
		{B0BB140A-123D-4BEC-8B59-197BBCD34075}.Release|Any CPU.Build.0 = Release|Any CPU
		{D7FA6719-A48D-429D-8006-E54FC5D10B28}.Debug|Any CPU.ActiveCfg = Debug|Any CPU
		{D7FA6719-A48D-429D-8006-E54FC5D10B28}.Debug|Any CPU.Build.0 = Debug|Any CPU
		{D7FA6719-A48D-429D-8006-E54FC5D10B28}.Release|Any CPU.ActiveCfg = Release|Any CPU
		{D7FA6719-A48D-429D-8006-E54FC5D10B28}.Release|Any CPU.Build.0 = Release|Any CPU
	EndGlobalSection
	GlobalSection(SolutionProperties) = preSolution
		HideSolutionNode = FALSE
	EndGlobalSection
	GlobalSection(ExtensibilityGlobals) = postSolution
		SolutionGuid = {9D422378-18B9-4FF2-B883-9395CACE6FAB}
	EndGlobalSection
EndGlobal
