
Microsoft Visual Studio Solution File, Format Version 12.00
# Visual Studio Version 16
VisualStudioVersion = 16.0.30717.126
MinimumVisualStudioVersion = 10.0.40219.1
Project("{FAE04EC0-301F-11D3-BF4B-00C04F79EFBC}") = "HomeWork 5-4", "HomeWork 5-4\HomeWork 5-4.csproj", "{183315BE-B630-4C40-B944-84E13161FE31}"
EndProject
Global
	GlobalSection(SolutionConfigurationPlatforms) = preSolution
		Debug|Any CPU = Debug|Any CPU
		Release|Any CPU = Release|Any CPU
	EndGlobalSection
	GlobalSection(ProjectConfigurationPlatforms) = postSolution
		{183315BE-B630-4C40-B944-84E13161FE31}.Debug|Any CPU.ActiveCfg = Debug|Any CPU
		{183315BE-B630-4C40-B944-84E13161FE31}.Debug|Any CPU.Build.0 = Debug|Any CPU
		{183315BE-B630-4C40-B944-84E13161FE31}.Release|Any CPU.ActiveCfg = Release|Any CPU
		{183315BE-B630-4C40-B944-84E13161FE31}.Release|Any CPU.Build.0 = Release|Any CPU
	EndGlobalSection
	GlobalSection(SolutionProperties) = preSolution
		HideSolutionNode = FALSE
	EndGlobalSection
	GlobalSection(ExtensibilityGlobals) = postSolution
		SolutionGuid = {E399F808-7456-4D0F-BFDF-4F9330FFED8B}
	EndGlobalSection
EndGlobal
