
Microsoft Visual Studio Solution File, Format Version 12.00
# Visual Studio Version 16
VisualStudioVersion = 16.0.30717.126
MinimumVisualStudioVersion = 10.0.40219.1
Project("{FAE04EC0-301F-11D3-BF4B-00C04F79EFBC}") = "Algorithms 4", "Algorithms 4\Algorithms 4.csproj", "{FDBAA30E-21AB-40C3-978A-D1D5DA7B02EF}"
EndProject
Global
	GlobalSection(SolutionConfigurationPlatforms) = preSolution
		Debug|Any CPU = Debug|Any CPU
		Release|Any CPU = Release|Any CPU
	EndGlobalSection
	GlobalSection(ProjectConfigurationPlatforms) = postSolution
		{FDBAA30E-21AB-40C3-978A-D1D5DA7B02EF}.Debug|Any CPU.ActiveCfg = Debug|Any CPU
		{FDBAA30E-21AB-40C3-978A-D1D5DA7B02EF}.Debug|Any CPU.Build.0 = Debug|Any CPU
		{FDBAA30E-21AB-40C3-978A-D1D5DA7B02EF}.Release|Any CPU.ActiveCfg = Release|Any CPU
		{FDBAA30E-21AB-40C3-978A-D1D5DA7B02EF}.Release|Any CPU.Build.0 = Release|Any CPU
	EndGlobalSection
	GlobalSection(SolutionProperties) = preSolution
		HideSolutionNode = FALSE
	EndGlobalSection
	GlobalSection(ExtensibilityGlobals) = postSolution
		SolutionGuid = {88BDC581-452B-42B0-B0D3-CD534E777575}
	EndGlobalSection
EndGlobal
