
Microsoft Visual Studio Solution File, Format Version 12.00
# Visual Studio Version 16
VisualStudioVersion = 16.0.30717.126
MinimumVisualStudioVersion = 10.0.40219.1
Project("{FAE04EC0-301F-11D3-BF4B-00C04F79EFBC}") = "HomeWork 3-2", "HomeWork 3-2\HomeWork 3-2.csproj", "{5F448B53-6F70-4E77-BB4D-CF88AD18EA1A}"
EndProject
Global
	GlobalSection(SolutionConfigurationPlatforms) = preSolution
		Debug|Any CPU = Debug|Any CPU
		Release|Any CPU = Release|Any CPU
	EndGlobalSection
	GlobalSection(ProjectConfigurationPlatforms) = postSolution
		{5F448B53-6F70-4E77-BB4D-CF88AD18EA1A}.Debug|Any CPU.ActiveCfg = Debug|Any CPU
		{5F448B53-6F70-4E77-BB4D-CF88AD18EA1A}.Debug|Any CPU.Build.0 = Debug|Any CPU
		{5F448B53-6F70-4E77-BB4D-CF88AD18EA1A}.Release|Any CPU.ActiveCfg = Release|Any CPU
		{5F448B53-6F70-4E77-BB4D-CF88AD18EA1A}.Release|Any CPU.Build.0 = Release|Any CPU
	EndGlobalSection
	GlobalSection(SolutionProperties) = preSolution
		HideSolutionNode = FALSE
	EndGlobalSection
	GlobalSection(ExtensibilityGlobals) = postSolution
		SolutionGuid = {4B88C531-04FE-40C4-AB90-64820370148D}
	EndGlobalSection
EndGlobal
