
Microsoft Visual Studio Solution File, Format Version 12.00
# Visual Studio Version 16
VisualStudioVersion = 16.0.30717.126
MinimumVisualStudioVersion = 10.0.40219.1
Project("{FAE04EC0-301F-11D3-BF4B-00C04F79EFBC}") = "HomeWork 8", "HomeWork 8\HomeWork 8.csproj", "{F7D901D8-F99C-4D4B-8535-3D45777FDC19}"
EndProject
Global
	GlobalSection(SolutionConfigurationPlatforms) = preSolution
		Debug|Any CPU = Debug|Any CPU
		Release|Any CPU = Release|Any CPU
	EndGlobalSection
	GlobalSection(ProjectConfigurationPlatforms) = postSolution
		{F7D901D8-F99C-4D4B-8535-3D45777FDC19}.Debug|Any CPU.ActiveCfg = Debug|Any CPU
		{F7D901D8-F99C-4D4B-8535-3D45777FDC19}.Debug|Any CPU.Build.0 = Debug|Any CPU
		{F7D901D8-F99C-4D4B-8535-3D45777FDC19}.Release|Any CPU.ActiveCfg = Release|Any CPU
		{F7D901D8-F99C-4D4B-8535-3D45777FDC19}.Release|Any CPU.Build.0 = Release|Any CPU
	EndGlobalSection
	GlobalSection(SolutionProperties) = preSolution
		HideSolutionNode = FALSE
	EndGlobalSection
	GlobalSection(ExtensibilityGlobals) = postSolution
		SolutionGuid = {3D353433-4D15-4909-ABB3-6DB55F49DB0E}
	EndGlobalSection
EndGlobal
